
Microsoft Visual Studio Solution File, Format Version 12.00
# Visual Studio Version 17
VisualStudioVersion = 17.2.32616.157
MinimumVisualStudioVersion = 10.0.40219.1
Project("{9A19103F-16F7-4668-BE54-9A1E7A4F7556}") = "RentApp", "RentApp\RentApp.csproj", "{09211FFF-95AC-47F2-AB15-B092018DE6BF}"
EndProject
Global
	GlobalSection(SolutionConfigurationPlatforms) = preSolution
		Debug|Any CPU = Debug|Any CPU
		Release|Any CPU = Release|Any CPU
		Test|Any CPU = Test|Any CPU
	EndGlobalSection
	GlobalSection(ProjectConfigurationPlatforms) = postSolution
		{09211FFF-95AC-47F2-AB15-B092018DE6BF}.Debug|Any CPU.ActiveCfg = Debug|Any CPU
		{09211FFF-95AC-47F2-AB15-B092018DE6BF}.Debug|Any CPU.Build.0 = Debug|Any CPU
		{09211FFF-95AC-47F2-AB15-B092018DE6BF}.Release|Any CPU.ActiveCfg = Release|Any CPU
		{09211FFF-95AC-47F2-AB15-B092018DE6BF}.Release|Any CPU.Build.0 = Release|Any CPU
		{09211FFF-95AC-47F2-AB15-B092018DE6BF}.Test|Any CPU.ActiveCfg = Test|Any CPU
		{09211FFF-95AC-47F2-AB15-B092018DE6BF}.Test|Any CPU.Build.0 = Test|Any CPU
	EndGlobalSection
	GlobalSection(SolutionProperties) = preSolution
		HideSolutionNode = FALSE
	EndGlobalSection
	GlobalSection(ExtensibilityGlobals) = postSolution
		SolutionGuid = {EEAFAA67-376E-49E9-9889-76764019FF69}
	EndGlobalSection
EndGlobal
